
Microsoft Visual Studio Solution File, Format Version 12.00
# Visual Studio 14
VisualStudioVersion = 14.0.25420.1
MinimumVisualStudioVersion = 10.0.40219.1
Project("{FAE04EC0-301F-11D3-BF4B-00C04F79EFBC}") = "UnityUtility", "UnityUtility\UnityUtility.csproj", "{BBD5186B-0AA3-43E6-A541-B2C03F990D2E}"
EndProject
Project("{FAE04EC0-301F-11D3-BF4B-00C04F79EFBC}") = "SimpleMicroService", "SimpleMicroService\SimpleMicroService.csproj", "{0516A4C9-C498-4655-952B-AD1BE1727D7A}"
EndProject
Project("{FAE04EC0-301F-11D3-BF4B-00C04F79EFBC}") = "ClientOne", "ClientOne\ClientOne.csproj", "{247D6058-C50B-4E4C-8CA8-AA50C3C72A28}"
EndProject
Project("{FAE04EC0-301F-11D3-BF4B-00C04F79EFBC}") = "ClientTwo", "ClientTwo\ClientTwo.csproj", "{DC2F1656-9B4A-4833-B876-152EFD34DC50}"
EndProject
Project("{FAE04EC0-301F-11D3-BF4B-00C04F79EFBC}") = "MicroServiceUtility", "MicroServiceUtility\MicroServiceUtility.csproj", "{17CD0970-D736-4512-A61C-25DA39B3B0AB}"
EndProject
Global
	GlobalSection(SolutionConfigurationPlatforms) = preSolution
		Debug|Any CPU = Debug|Any CPU
		Release|Any CPU = Release|Any CPU
	EndGlobalSection
	GlobalSection(ProjectConfigurationPlatforms) = postSolution
		{BBD5186B-0AA3-43E6-A541-B2C03F990D2E}.Debug|Any CPU.ActiveCfg = Debug|Any CPU
		{BBD5186B-0AA3-43E6-A541-B2C03F990D2E}.Debug|Any CPU.Build.0 = Debug|Any CPU
		{BBD5186B-0AA3-43E6-A541-B2C03F990D2E}.Release|Any CPU.ActiveCfg = Release|Any CPU
		{BBD5186B-0AA3-43E6-A541-B2C03F990D2E}.Release|Any CPU.Build.0 = Release|Any CPU
		{0516A4C9-C498-4655-952B-AD1BE1727D7A}.Debug|Any CPU.ActiveCfg = Debug|Any CPU
		{0516A4C9-C498-4655-952B-AD1BE1727D7A}.Debug|Any CPU.Build.0 = Debug|Any CPU
		{0516A4C9-C498-4655-952B-AD1BE1727D7A}.Release|Any CPU.ActiveCfg = Release|Any CPU
		{0516A4C9-C498-4655-952B-AD1BE1727D7A}.Release|Any CPU.Build.0 = Release|Any CPU
		{247D6058-C50B-4E4C-8CA8-AA50C3C72A28}.Debug|Any CPU.ActiveCfg = Debug|Any CPU
		{247D6058-C50B-4E4C-8CA8-AA50C3C72A28}.Debug|Any CPU.Build.0 = Debug|Any CPU
		{247D6058-C50B-4E4C-8CA8-AA50C3C72A28}.Release|Any CPU.ActiveCfg = Release|Any CPU
		{247D6058-C50B-4E4C-8CA8-AA50C3C72A28}.Release|Any CPU.Build.0 = Release|Any CPU
		{DC2F1656-9B4A-4833-B876-152EFD34DC50}.Debug|Any CPU.ActiveCfg = Debug|Any CPU
		{DC2F1656-9B4A-4833-B876-152EFD34DC50}.Debug|Any CPU.Build.0 = Debug|Any CPU
		{DC2F1656-9B4A-4833-B876-152EFD34DC50}.Release|Any CPU.ActiveCfg = Release|Any CPU
		{DC2F1656-9B4A-4833-B876-152EFD34DC50}.Release|Any CPU.Build.0 = Release|Any CPU
		{17CD0970-D736-4512-A61C-25DA39B3B0AB}.Debug|Any CPU.ActiveCfg = Debug|Any CPU
		{17CD0970-D736-4512-A61C-25DA39B3B0AB}.Debug|Any CPU.Build.0 = Debug|Any CPU
		{17CD0970-D736-4512-A61C-25DA39B3B0AB}.Release|Any CPU.ActiveCfg = Release|Any CPU
		{17CD0970-D736-4512-A61C-25DA39B3B0AB}.Release|Any CPU.Build.0 = Release|Any CPU
	EndGlobalSection
	GlobalSection(SolutionProperties) = preSolution
		HideSolutionNode = FALSE
	EndGlobalSection
EndGlobal
